
Microsoft Visual Studio Solution File, Format Version 12.00
# Visual Studio 15
VisualStudioVersion = 15.0.28010.2050
MinimumVisualStudioVersion = 10.0.40219.1
Project("{FAE04EC0-301F-11D3-BF4B-00C04F79EFBC}") = "todolist", "todolist\todolist.csproj", "{376119D2-D90A-454D-9F2C-BEECE7E48FB0}"
EndProject
Global
	GlobalSection(SolutionConfigurationPlatforms) = preSolution
		Debug|Any CPU = Debug|Any CPU
		Release|Any CPU = Release|Any CPU
	EndGlobalSection
	GlobalSection(ProjectConfigurationPlatforms) = postSolution
		{376119D2-D90A-454D-9F2C-BEECE7E48FB0}.Debug|Any CPU.ActiveCfg = Debug|Any CPU
		{376119D2-D90A-454D-9F2C-BEECE7E48FB0}.Debug|Any CPU.Build.0 = Debug|Any CPU
		{376119D2-D90A-454D-9F2C-BEECE7E48FB0}.Release|Any CPU.ActiveCfg = Release|Any CPU
		{376119D2-D90A-454D-9F2C-BEECE7E48FB0}.Release|Any CPU.Build.0 = Release|Any CPU
	EndGlobalSection
	GlobalSection(SolutionProperties) = preSolution
		HideSolutionNode = FALSE
	EndGlobalSection
	GlobalSection(ExtensibilityGlobals) = postSolution
		SolutionGuid = {ADA3C403-B46D-4403-96CB-735B5485A274}
	EndGlobalSection
EndGlobal
